
Microsoft Visual Studio Solution File, Format Version 12.00
# Visual Studio 14
VisualStudioVersion = 14.0.25420.1
MinimumVisualStudioVersion = 10.0.40219.1
Project("{2150E333-8FDC-42A3-9474-1A3956D46DE8}") = "Main", "Main", "{5F2DD0E6-84D4-4F8B-9A8E-18484EFEE99C}"
EndProject
Project("{8BB2217D-0F2D-49D1-97BC-3654ED321F3B}") = "AzureRepositories", "src\AzureRepositories\AzureRepositories.xproj", "{30A537E1-8D6F-409C-B230-96598B9D9388}"
EndProject
Project("{8BB2217D-0F2D-49D1-97BC-3654ED321F3B}") = "Core", "src\Core\Core.xproj", "{7669638A-C7E0-425B-9B29-F327CDF8AC2F}"
EndProject
Project("{8BB2217D-0F2D-49D1-97BC-3654ED321F3B}") = "Services", "src\Services\Services.xproj", "{934A23DF-B3D9-493A-8470-F0D5A7249E45}"
EndProject
Project("{2150E333-8FDC-42A3-9474-1A3956D46DE8}") = "Runners", "Runners", "{2335DB37-82F5-4128-B954-1699FC95A86B}"
EndProject
Project("{8BB2217D-0F2D-49D1-97BC-3654ED321F3B}") = "RouterRunner", "src\RouterRunner\RouterRunner.xproj", "{9207197A-8E41-4AFF-AABD-B44058A05E5C}"
EndProject
Project("{8BB2217D-0F2D-49D1-97BC-3654ED321F3B}") = "RoutingJob", "src\RoutingJob\RoutingJob.xproj", "{887DA68F-191B-48AA-829A-74F49BD96236}"
EndProject
Project("{2150E333-8FDC-42A3-9474-1A3956D46DE8}") = "Tests", "Tests", "{4DCCF8DE-15AA-40CD-AAF8-D0E4AC8418D6}"
EndProject
Global
	GlobalSection(SolutionConfigurationPlatforms) = preSolution
		Debug|Any CPU = Debug|Any CPU
		Release|Any CPU = Release|Any CPU
	EndGlobalSection
	GlobalSection(ProjectConfigurationPlatforms) = postSolution
		{30A537E1-8D6F-409C-B230-96598B9D9388}.Debug|Any CPU.ActiveCfg = Debug|Any CPU
		{30A537E1-8D6F-409C-B230-96598B9D9388}.Debug|Any CPU.Build.0 = Debug|Any CPU
		{30A537E1-8D6F-409C-B230-96598B9D9388}.Release|Any CPU.ActiveCfg = Release|Any CPU
		{30A537E1-8D6F-409C-B230-96598B9D9388}.Release|Any CPU.Build.0 = Release|Any CPU
		{7669638A-C7E0-425B-9B29-F327CDF8AC2F}.Debug|Any CPU.ActiveCfg = Debug|Any CPU
		{7669638A-C7E0-425B-9B29-F327CDF8AC2F}.Debug|Any CPU.Build.0 = Debug|Any CPU
		{7669638A-C7E0-425B-9B29-F327CDF8AC2F}.Release|Any CPU.ActiveCfg = Release|Any CPU
		{7669638A-C7E0-425B-9B29-F327CDF8AC2F}.Release|Any CPU.Build.0 = Release|Any CPU
		{934A23DF-B3D9-493A-8470-F0D5A7249E45}.Debug|Any CPU.ActiveCfg = Debug|Any CPU
		{934A23DF-B3D9-493A-8470-F0D5A7249E45}.Debug|Any CPU.Build.0 = Debug|Any CPU
		{934A23DF-B3D9-493A-8470-F0D5A7249E45}.Release|Any CPU.ActiveCfg = Release|Any CPU
		{934A23DF-B3D9-493A-8470-F0D5A7249E45}.Release|Any CPU.Build.0 = Release|Any CPU
		{9207197A-8E41-4AFF-AABD-B44058A05E5C}.Debug|Any CPU.ActiveCfg = Debug|Any CPU
		{9207197A-8E41-4AFF-AABD-B44058A05E5C}.Debug|Any CPU.Build.0 = Debug|Any CPU
		{9207197A-8E41-4AFF-AABD-B44058A05E5C}.Release|Any CPU.ActiveCfg = Release|Any CPU
		{9207197A-8E41-4AFF-AABD-B44058A05E5C}.Release|Any CPU.Build.0 = Release|Any CPU
		{887DA68F-191B-48AA-829A-74F49BD96236}.Debug|Any CPU.ActiveCfg = Debug|Any CPU
		{887DA68F-191B-48AA-829A-74F49BD96236}.Debug|Any CPU.Build.0 = Debug|Any CPU
		{887DA68F-191B-48AA-829A-74F49BD96236}.Release|Any CPU.ActiveCfg = Release|Any CPU
		{887DA68F-191B-48AA-829A-74F49BD96236}.Release|Any CPU.Build.0 = Release|Any CPU
	EndGlobalSection
	GlobalSection(SolutionProperties) = preSolution
		HideSolutionNode = FALSE
	EndGlobalSection
	GlobalSection(NestedProjects) = preSolution
		{30A537E1-8D6F-409C-B230-96598B9D9388} = {5F2DD0E6-84D4-4F8B-9A8E-18484EFEE99C}
		{7669638A-C7E0-425B-9B29-F327CDF8AC2F} = {5F2DD0E6-84D4-4F8B-9A8E-18484EFEE99C}
		{934A23DF-B3D9-493A-8470-F0D5A7249E45} = {5F2DD0E6-84D4-4F8B-9A8E-18484EFEE99C}
		{9207197A-8E41-4AFF-AABD-B44058A05E5C} = {2335DB37-82F5-4128-B954-1699FC95A86B}
	EndGlobalSection
EndGlobal
